// !$*UTF8*$!
{
	archiveVersion = 1;
	classes = {
	};
	objectVersion = 46;
	objects = {

/* Begin PBXBuildFile section */
		010913C31C3EF56D00D516AA /* NWWrappedView.h in Headers */ = {isa = PBXBuildFile; fileRef = 010913C11C3EF56D00D516AA /* NWWrappedView.h */; };
		010913C41C3EF56D00D516AA /* NWWrappedView.m in Sources */ = {isa = PBXBuildFile; fileRef = 010913C21C3EF56D00D516AA /* NWWrappedView.m */; };
		01B34AEF1B71327900995C02 /* NWLayoutInflator.h in Headers */ = {isa = PBXBuildFile; fileRef = 01B34AEE1B71327900995C02 /* NWLayoutInflator.h */; settings = {ATTRIBUTES = (Public, ); }; };
		01B34B061B71333300995C02 /* UIKit.framework in Frameworks */ = {isa = PBXBuildFile; fileRef = 01B34B051B71333300995C02 /* UIKit.framework */; };
		01B34B0F1B7133B200995C02 /* NWLayoutView.h in Headers */ = {isa = PBXBuildFile; fileRef = 01B34B071B7133B200995C02 /* NWLayoutView.h */; settings = {ATTRIBUTES = (Public, ); }; };
		01B34B101B7133B200995C02 /* NWLayoutView.m in Sources */ = {isa = PBXBuildFile; fileRef = 01B34B081B7133B200995C02 /* NWLayoutView.m */; };
		01B34B111B7133B200995C02 /* UIColor+hexString.h in Headers */ = {isa = PBXBuildFile; fileRef = 01B34B091B7133B200995C02 /* UIColor+hexString.h */; };
		01B34B121B7133B200995C02 /* UIColor+hexString.m in Sources */ = {isa = PBXBuildFile; fileRef = 01B34B0A1B7133B200995C02 /* UIColor+hexString.m */; };
		01B34B131B7133B200995C02 /* UIView+applyProperty.h in Headers */ = {isa = PBXBuildFile; fileRef = 01B34B0B1B7133B200995C02 /* UIView+applyProperty.h */; };
		01B34B141B7133B200995C02 /* UIView+applyProperty.m in Sources */ = {isa = PBXBuildFile; fileRef = 01B34B0C1B7133B200995C02 /* UIView+applyProperty.m */; };
		01D861681BF2A66800CB0E8F /* NWAlertView.h in Headers */ = {isa = PBXBuildFile; fileRef = 01D861601BF2A66800CB0E8F /* NWAlertView.h */; };
		01D861691BF2A66800CB0E8F /* NWAlertView.m in Sources */ = {isa = PBXBuildFile; fileRef = 01D861611BF2A66800CB0E8F /* NWAlertView.m */; };
		01D8616A1BF2A66800CB0E8F /* NWXMLDictionary.h in Headers */ = {isa = PBXBuildFile; fileRef = 01D861621BF2A66800CB0E8F /* NWXMLDictionary.h */; };
		01D8616B1BF2A66800CB0E8F /* NWXMLDictionary.m in Sources */ = {isa = PBXBuildFile; fileRef = 01D861631BF2A66800CB0E8F /* NWXMLDictionary.m */; };
		01D8616C1BF2A66800CB0E8F /* UIGestureRecognizer+Blocks.h in Headers */ = {isa = PBXBuildFile; fileRef = 01D861641BF2A66800CB0E8F /* UIGestureRecognizer+Blocks.h */; };
		01D8616D1BF2A66800CB0E8F /* UIGestureRecognizer+Blocks.m in Sources */ = {isa = PBXBuildFile; fileRef = 01D861651BF2A66800CB0E8F /* UIGestureRecognizer+Blocks.m */; };
		01D8616E1BF2A66800CB0E8F /* UITouchDownGestureRecognizer.h in Headers */ = {isa = PBXBuildFile; fileRef = 01D861661BF2A66800CB0E8F /* UITouchDownGestureRecognizer.h */; };
		01D8616F1BF2A66800CB0E8F /* UITouchDownGestureRecognizer.m in Sources */ = {isa = PBXBuildFile; fileRef = 01D861671BF2A66800CB0E8F /* UITouchDownGestureRecognizer.m */; };
/* End PBXBuildFile section */

/* Begin PBXFileReference section */
		010913C11C3EF56D00D516AA /* NWWrappedView.h */ = {isa = PBXFileReference; fileEncoding = 4; lastKnownFileType = sourcecode.c.h; path = NWWrappedView.h; sourceTree = "<group>"; };
		010913C21C3EF56D00D516AA /* NWWrappedView.m */ = {isa = PBXFileReference; fileEncoding = 4; lastKnownFileType = sourcecode.c.objc; path = NWWrappedView.m; sourceTree = "<group>"; };
		01B34AE91B71327900995C02 /* NWLayoutInflator.framework */ = {isa = PBXFileReference; explicitFileType = wrapper.framework; includeInIndex = 0; path = NWLayoutInflator.framework; sourceTree = BUILT_PRODUCTS_DIR; };
		01B34AED1B71327900995C02 /* Info.plist */ = {isa = PBXFileReference; lastKnownFileType = text.plist.xml; path = Info.plist; sourceTree = "<group>"; };
		01B34AEE1B71327900995C02 /* NWLayoutInflator.h */ = {isa = PBXFileReference; lastKnownFileType = sourcecode.c.h; path = NWLayoutInflator.h; sourceTree = "<group>"; };
		01B34B051B71333300995C02 /* UIKit.framework */ = {isa = PBXFileReference; lastKnownFileType = wrapper.framework; name = UIKit.framework; path = System/Library/Frameworks/UIKit.framework; sourceTree = SDKROOT; };
		01B34B071B7133B200995C02 /* NWLayoutView.h */ = {isa = PBXFileReference; fileEncoding = 4; lastKnownFileType = sourcecode.c.h; path = NWLayoutView.h; sourceTree = "<group>"; };
		01B34B081B7133B200995C02 /* NWLayoutView.m */ = {isa = PBXFileReference; fileEncoding = 4; lastKnownFileType = sourcecode.c.objc; path = NWLayoutView.m; sourceTree = "<group>"; };
		01B34B091B7133B200995C02 /* UIColor+hexString.h */ = {isa = PBXFileReference; fileEncoding = 4; lastKnownFileType = sourcecode.c.h; path = "UIColor+hexString.h"; sourceTree = "<group>"; };
		01B34B0A1B7133B200995C02 /* UIColor+hexString.m */ = {isa = PBXFileReference; fileEncoding = 4; lastKnownFileType = sourcecode.c.objc; path = "UIColor+hexString.m"; sourceTree = "<group>"; };
		01B34B0B1B7133B200995C02 /* UIView+applyProperty.h */ = {isa = PBXFileReference; fileEncoding = 4; lastKnownFileType = sourcecode.c.h; path = "UIView+applyProperty.h"; sourceTree = "<group>"; };
		01B34B0C1B7133B200995C02 /* UIView+applyProperty.m */ = {isa = PBXFileReference; fileEncoding = 4; lastKnownFileType = sourcecode.c.objc; path = "UIView+applyProperty.m"; sourceTree = "<group>"; };
		01D861601BF2A66800CB0E8F /* NWAlertView.h */ = {isa = PBXFileReference; fileEncoding = 4; lastKnownFileType = sourcecode.c.h; path = NWAlertView.h; sourceTree = "<group>"; };
		01D861611BF2A66800CB0E8F /* NWAlertView.m */ = {isa = PBXFileReference; fileEncoding = 4; lastKnownFileType = sourcecode.c.objc; path = NWAlertView.m; sourceTree = "<group>"; };
		01D861621BF2A66800CB0E8F /* NWXMLDictionary.h */ = {isa = PBXFileReference; fileEncoding = 4; lastKnownFileType = sourcecode.c.h; path = NWXMLDictionary.h; sourceTree = "<group>"; };
		01D861631BF2A66800CB0E8F /* NWXMLDictionary.m */ = {isa = PBXFileReference; fileEncoding = 4; lastKnownFileType = sourcecode.c.objc; path = NWXMLDictionary.m; sourceTree = "<group>"; };
		01D861641BF2A66800CB0E8F /* UIGestureRecognizer+Blocks.h */ = {isa = PBXFileReference; fileEncoding = 4; lastKnownFileType = sourcecode.c.h; path = "UIGestureRecognizer+Blocks.h"; sourceTree = "<group>"; };
		01D861651BF2A66800CB0E8F /* UIGestureRecognizer+Blocks.m */ = {isa = PBXFileReference; fileEncoding = 4; lastKnownFileType = sourcecode.c.objc; path = "UIGestureRecognizer+Blocks.m"; sourceTree = "<group>"; };
		01D861661BF2A66800CB0E8F /* UITouchDownGestureRecognizer.h */ = {isa = PBXFileReference; fileEncoding = 4; lastKnownFileType = sourcecode.c.h; path = UITouchDownGestureRecognizer.h; sourceTree = "<group>"; };
		01D861671BF2A66800CB0E8F /* UITouchDownGestureRecognizer.m */ = {isa = PBXFileReference; fileEncoding = 4; lastKnownFileType = sourcecode.c.objc; path = UITouchDownGestureRecognizer.m; sourceTree = "<group>"; };
/* End PBXFileReference section */

/* Begin PBXFrameworksBuildPhase section */
		01B34AE51B71327900995C02 /* Frameworks */ = {
			isa = PBXFrameworksBuildPhase;
			buildActionMask = 2147483647;
			files = (
				01B34B061B71333300995C02 /* UIKit.framework in Frameworks */,
			);
			runOnlyForDeploymentPostprocessing = 0;
		};
/* End PBXFrameworksBuildPhase section */

/* Begin PBXGroup section */
		01B34ADF1B71327900995C02 = {
			isa = PBXGroup;
			children = (
				01B34B051B71333300995C02 /* UIKit.framework */,
				01B34AEB1B71327900995C02 /* NWLayoutInflator */,
				01B34AEA1B71327900995C02 /* Products */,
			);
			sourceTree = "<group>";
		};
		01B34AEA1B71327900995C02 /* Products */ = {
			isa = PBXGroup;
			children = (
				01B34AE91B71327900995C02 /* NWLayoutInflator.framework */,
			);
			name = Products;
			sourceTree = "<group>";
		};
		01B34AEB1B71327900995C02 /* NWLayoutInflator */ = {
			isa = PBXGroup;
			children = (
				010913C11C3EF56D00D516AA /* NWWrappedView.h */,
				010913C21C3EF56D00D516AA /* NWWrappedView.m */,
				01D861601BF2A66800CB0E8F /* NWAlertView.h */,
				01D861611BF2A66800CB0E8F /* NWAlertView.m */,
				01D861621BF2A66800CB0E8F /* NWXMLDictionary.h */,
				01D861631BF2A66800CB0E8F /* NWXMLDictionary.m */,
				01D861641BF2A66800CB0E8F /* UIGestureRecognizer+Blocks.h */,
				01D861651BF2A66800CB0E8F /* UIGestureRecognizer+Blocks.m */,
				01D861661BF2A66800CB0E8F /* UITouchDownGestureRecognizer.h */,
				01D861671BF2A66800CB0E8F /* UITouchDownGestureRecognizer.m */,
				01B34B071B7133B200995C02 /* NWLayoutView.h */,
				01B34B081B7133B200995C02 /* NWLayoutView.m */,
				01B34B091B7133B200995C02 /* UIColor+hexString.h */,
				01B34B0A1B7133B200995C02 /* UIColor+hexString.m */,
				01B34B0B1B7133B200995C02 /* UIView+applyProperty.h */,
				01B34B0C1B7133B200995C02 /* UIView+applyProperty.m */,
				01B34AEE1B71327900995C02 /* NWLayoutInflator.h */,
				01B34AEC1B71327900995C02 /* Supporting Files */,
			);
			path = NWLayoutInflator;
			sourceTree = "<group>";
		};
		01B34AEC1B71327900995C02 /* Supporting Files */ = {
			isa = PBXGroup;
			children = (
				01B34AED1B71327900995C02 /* Info.plist */,
			);
			name = "Supporting Files";
			sourceTree = "<group>";
		};
/* End PBXGroup section */

/* Begin PBXHeadersBuildPhase section */
		01B34AE61B71327900995C02 /* Headers */ = {
			isa = PBXHeadersBuildPhase;
			buildActionMask = 2147483647;
			files = (
				01B34B0F1B7133B200995C02 /* NWLayoutView.h in Headers */,
				01B34B111B7133B200995C02 /* UIColor+hexString.h in Headers */,
				01B34AEF1B71327900995C02 /* NWLayoutInflator.h in Headers */,
				01D861681BF2A66800CB0E8F /* NWAlertView.h in Headers */,
				01D8616E1BF2A66800CB0E8F /* UITouchDownGestureRecognizer.h in Headers */,
				010913C31C3EF56D00D516AA /* NWWrappedView.h in Headers */,
				01D8616C1BF2A66800CB0E8F /* UIGestureRecognizer+Blocks.h in Headers */,
				01B34B131B7133B200995C02 /* UIView+applyProperty.h in Headers */,
				01D8616A1BF2A66800CB0E8F /* NWXMLDictionary.h in Headers */,
			);
			runOnlyForDeploymentPostprocessing = 0;
		};
/* End PBXHeadersBuildPhase section */

/* Begin PBXNativeTarget section */
		01B34AE81B71327900995C02 /* NWLayoutInflator */ = {
			isa = PBXNativeTarget;
			buildConfigurationList = 01B34AFF1B71327900995C02 /* Build configuration list for PBXNativeTarget "NWLayoutInflator" */;
			buildPhases = (
				01B34AE41B71327900995C02 /* Sources */,
				01B34AE51B71327900995C02 /* Frameworks */,
				01B34AE61B71327900995C02 /* Headers */,
				01B34AE71B71327900995C02 /* Resources */,
			);
			buildRules = (
			);
			dependencies = (
			);
			name = NWLayoutInflator;
			productName = NWLayoutInflator;
			productReference = 01B34AE91B71327900995C02 /* NWLayoutInflator.framework */;
			productType = "com.apple.product-type.framework";
		};
/* End PBXNativeTarget section */

/* Begin PBXProject section */
		01B34AE01B71327900995C02 /* Project object */ = {
			isa = PBXProject;
			attributes = {
				LastUpgradeCheck = 0640;
				ORGANIZATIONNAME = "Nicholas White";
				TargetAttributes = {
					01B34AE81B71327900995C02 = {
						CreatedOnToolsVersion = 6.4;
					};
				};
			};
			buildConfigurationList = 01B34AE31B71327900995C02 /* Build configuration list for PBXProject "NWLayoutInflator" */;
			compatibilityVersion = "Xcode 3.2";
			developmentRegion = English;
			hasScannedForEncodings = 0;
			knownRegions = (
				en,
			);
			mainGroup = 01B34ADF1B71327900995C02;
			productRefGroup = 01B34AEA1B71327900995C02 /* Products */;
			projectDirPath = "";
			projectRoot = "";
			targets = (
				01B34AE81B71327900995C02 /* NWLayoutInflator */,
			);
		};
/* End PBXProject section */

/* Begin PBXResourcesBuildPhase section */
		01B34AE71B71327900995C02 /* Resources */ = {
			isa = PBXResourcesBuildPhase;
			buildActionMask = 2147483647;
			files = (
			);
			runOnlyForDeploymentPostprocessing = 0;
		};
/* End PBXResourcesBuildPhase section */

/* Begin PBXSourcesBuildPhase section */
		01B34AE41B71327900995C02 /* Sources */ = {
			isa = PBXSourcesBuildPhase;
			buildActionMask = 2147483647;
			files = (
				01D861691BF2A66800CB0E8F /* NWAlertView.m in Sources */,
				01B34B141B7133B200995C02 /* UIView+applyProperty.m in Sources */,
				01B34B121B7133B200995C02 /* UIColor+hexString.m in Sources */,
				01B34B101B7133B200995C02 /* NWLayoutView.m in Sources */,
				01D8616F1BF2A66800CB0E8F /* UITouchDownGestureRecognizer.m in Sources */,
				010913C41C3EF56D00D516AA /* NWWrappedView.m in Sources */,
				01D8616B1BF2A66800CB0E8F /* NWXMLDictionary.m in Sources */,
				01D8616D1BF2A66800CB0E8F /* UIGestureRecognizer+Blocks.m in Sources */,
			);
			runOnlyForDeploymentPostprocessing = 0;
		};
/* End PBXSourcesBuildPhase section */

/* Begin XCBuildConfiguration section */
		01B34AFD1B71327900995C02 /* Debug */ = {
			isa = XCBuildConfiguration;
			buildSettings = {
				ALWAYS_SEARCH_USER_PATHS = NO;
				CLANG_CXX_LANGUAGE_STANDARD = "gnu++0x";
				CLANG_CXX_LIBRARY = "libc++";
				CLANG_ENABLE_MODULES = YES;
				CLANG_ENABLE_OBJC_ARC = YES;
				CLANG_WARN_BOOL_CONVERSION = YES;
				CLANG_WARN_CONSTANT_CONVERSION = YES;
				CLANG_WARN_DIRECT_OBJC_ISA_USAGE = YES_ERROR;
				CLANG_WARN_EMPTY_BODY = YES;
				CLANG_WARN_ENUM_CONVERSION = YES;
				CLANG_WARN_INT_CONVERSION = YES;
				CLANG_WARN_OBJC_ROOT_CLASS = YES_ERROR;
				CLANG_WARN_UNREACHABLE_CODE = YES;
				CLANG_WARN__DUPLICATE_METHOD_MATCH = YES;
				"CODE_SIGN_IDENTITY[sdk=iphoneos*]" = "iPhone Developer";
				COPY_PHASE_STRIP = NO;
				CURRENT_PROJECT_VERSION = 1;
				DEBUG_INFORMATION_FORMAT = "dwarf-with-dsym";
				ENABLE_STRICT_OBJC_MSGSEND = YES;
				GCC_C_LANGUAGE_STANDARD = gnu99;
				GCC_DYNAMIC_NO_PIC = NO;
				GCC_NO_COMMON_BLOCKS = YES;
				GCC_OPTIMIZATION_LEVEL = 0;
				GCC_PREPROCESSOR_DEFINITIONS = (
					"DEBUG=1",
					"$(inherited)",
				);
				GCC_SYMBOLS_PRIVATE_EXTERN = NO;
				GCC_WARN_64_TO_32_BIT_CONVERSION = YES;
				GCC_WARN_ABOUT_RETURN_TYPE = YES_ERROR;
				GCC_WARN_UNDECLARED_SELECTOR = YES;
				GCC_WARN_UNINITIALIZED_AUTOS = YES_AGGRESSIVE;
				GCC_WARN_UNUSED_FUNCTION = YES;
				GCC_WARN_UNUSED_VARIABLE = YES;
				IPHONEOS_DEPLOYMENT_TARGET = 8.4;
				MTL_ENABLE_DEBUG_INFO = YES;
				ONLY_ACTIVE_ARCH = YES;
				SDKROOT = iphoneos;
				TARGETED_DEVICE_FAMILY = "1,2";
				VERSIONING_SYSTEM = "apple-generic";
				VERSION_INFO_PREFIX = "";
			};
			name = Debug;
		};
		01B34AFE1B71327900995C02 /* Release */ = {
			isa = XCBuildConfiguration;
			buildSettings = {
				ALWAYS_SEARCH_USER_PATHS = NO;
				CLANG_CXX_LANGUAGE_STANDARD = "gnu++0x";
				CLANG_CXX_LIBRARY = "libc++";
				CLANG_ENABLE_MODULES = YES;
				CLANG_ENABLE_OBJC_ARC = YES;
				CLANG_WARN_BOOL_CONVERSION = YES;
				CLANG_WARN_CONSTANT_CONVERSION = YES;
				CLANG_WARN_DIRECT_OBJC_ISA_USAGE = YES_ERROR;
				CLANG_WARN_EMPTY_BODY = YES;
				CLANG_WARN_ENUM_CONVERSION = YES;
				CLANG_WARN_INT_CONVERSION = YES;
				CLANG_WARN_OBJC_ROOT_CLASS = YES_ERROR;
				CLANG_WARN_UNREACHABLE_CODE = YES;
				CLANG_WARN__DUPLICATE_METHOD_MATCH = YES;
				"CODE_SIGN_IDENTITY[sdk=iphoneos*]" = "iPhone Developer";
				COPY_PHASE_STRIP = NO;
				CURRENT_PROJECT_VERSION = 1;
				DEBUG_INFORMATION_FORMAT = "dwarf-with-dsym";
				ENABLE_NS_ASSERTIONS = NO;
				ENABLE_STRICT_OBJC_MSGSEND = YES;
				GCC_C_LANGUAGE_STANDARD = gnu99;
				GCC_NO_COMMON_BLOCKS = YES;
				GCC_WARN_64_TO_32_BIT_CONVERSION = YES;
				GCC_WARN_ABOUT_RETURN_TYPE = YES_ERROR;
				GCC_WARN_UNDECLARED_SELECTOR = YES;
				GCC_WARN_UNINITIALIZED_AUTOS = YES_AGGRESSIVE;
				GCC_WARN_UNUSED_FUNCTION = YES;
				GCC_WARN_UNUSED_VARIABLE = YES;
				IPHONEOS_DEPLOYMENT_TARGET = 8.4;
				MTL_ENABLE_DEBUG_INFO = NO;
				SDKROOT = iphoneos;
				TARGETED_DEVICE_FAMILY = "1,2";
				VALIDATE_PRODUCT = YES;
				VERSIONING_SYSTEM = "apple-generic";
				VERSION_INFO_PREFIX = "";
			};
			name = Release;
		};
		01B34B001B71327900995C02 /* Debug */ = {
			isa = XCBuildConfiguration;
			buildSettings = {
				DEAD_CODE_STRIPPING = NO;
				DEFINES_MODULE = YES;
				DYLIB_COMPATIBILITY_VERSION = 1;
				DYLIB_CURRENT_VERSION = 1;
				DYLIB_INSTALL_NAME_BASE = "@rpath";
				INFOPLIST_FILE = NWLayoutInflator/Info.plist;
				INSTALL_PATH = "$(LOCAL_LIBRARY_DIR)/Frameworks";
				LD_RUNPATH_SEARCH_PATHS = "$(inherited) @executable_path/Frameworks @loader_path/Frameworks";
				ONLY_ACTIVE_ARCH = NO;
				PRODUCT_NAME = "$(TARGET_NAME)";
				SKIP_INSTALL = YES;
				STRIP_INSTALLED_PRODUCT = NO;
				STRIP_STYLE = "non-global";
			};
			name = Debug;
		};
		01B34B011B71327900995C02 /* Release */ = {
			isa = XCBuildConfiguration;
			buildSettings = {
				DEAD_CODE_STRIPPING = NO;
				DEFINES_MODULE = YES;
				DYLIB_COMPATIBILITY_VERSION = 1;
				DYLIB_CURRENT_VERSION = 1;
				DYLIB_INSTALL_NAME_BASE = "@rpath";
				INFOPLIST_FILE = NWLayoutInflator/Info.plist;
				INSTALL_PATH = "$(LOCAL_LIBRARY_DIR)/Frameworks";
				LD_RUNPATH_SEARCH_PATHS = "$(inherited) @executable_path/Frameworks @loader_path/Frameworks";
				PRODUCT_NAME = "$(TARGET_NAME)";
				SKIP_INSTALL = YES;
				STRIP_INSTALLED_PRODUCT = NO;
				STRIP_STYLE = "non-global";
			};
			name = Release;
		};
/* End XCBuildConfiguration section */

/* Begin XCConfigurationList section */
		01B34AE31B71327900995C02 /* Build configuration list for PBXProject "NWLayoutInflator" */ = {
			isa = XCConfigurationList;
			buildConfigurations = (
				01B34AFD1B71327900995C02 /* Debug */,
				01B34AFE1B71327900995C02 /* Release */,
			);
			defaultConfigurationIsVisible = 0;
			defaultConfigurationName = Release;
		};
		01B34AFF1B71327900995C02 /* Build configuration list for PBXNativeTarget "NWLayoutInflator" */ = {
			isa = XCConfigurationList;
			buildConfigurations = (
				01B34B001B71327900995C02 /* Debug */,
				01B34B011B71327900995C02 /* Release */,
			);
			defaultConfigurationIsVisible = 0;
			defaultConfigurationName = Release;
		};
/* End XCConfigurationList section */
	};
	rootObject = 01B34AE01B71327900995C02 /* Project object */;
}
